
Microsoft Visual Studio Solution File, Format Version 12.00
# Visual Studio Version 17
VisualStudioVersion = 17.7.34009.444
MinimumVisualStudioVersion = 10.0.40219.1
Project("{FAE04EC0-301F-11D3-BF4B-00C04F79EFBC}") = "ETickets", "ETickets.csproj", "{8880609B-8E66-44AE-94C3-CDAD939DC798}"
EndProject
Global
	GlobalSection(SolutionConfigurationPlatforms) = preSolution
		Debug|Any CPU = Debug|Any CPU
		Release|Any CPU = Release|Any CPU
	EndGlobalSection
	GlobalSection(ProjectConfigurationPlatforms) = postSolution
		{8880609B-8E66-44AE-94C3-CDAD939DC798}.Debug|Any CPU.ActiveCfg = Debug|Any CPU
		{8880609B-8E66-44AE-94C3-CDAD939DC798}.Debug|Any CPU.Build.0 = Debug|Any CPU
		{8880609B-8E66-44AE-94C3-CDAD939DC798}.Release|Any CPU.ActiveCfg = Release|Any CPU
		{8880609B-8E66-44AE-94C3-CDAD939DC798}.Release|Any CPU.Build.0 = Release|Any CPU
	EndGlobalSection
	GlobalSection(SolutionProperties) = preSolution
		HideSolutionNode = FALSE
	EndGlobalSection
	GlobalSection(ExtensibilityGlobals) = postSolution
		SolutionGuid = {0CC5F0B1-E847-4540-A9F7-E4BB220BB5F1}
	EndGlobalSection
EndGlobal
